
Microsoft Visual Studio Solution File, Format Version 12.00
# Visual Studio Version 16
VisualStudioVersion = 16.0.30611.23
MinimumVisualStudioVersion = 10.0.40219.1
Project("{F184B08F-C81C-45F6-A57F-5ABD9991F28F}") = "StudArrayWithFind", "StudArrayWithFind\StudArrayWithFind.vbproj", "{C650A3C3-4B3C-43B6-A47A-D716A225C202}"
EndProject
Project("{2150E333-8FDC-42A3-9474-1A3956D46DE8}") = "Solution Items", "Solution Items", "{C3FCB4E7-6E5B-426E-92A5-C0EE1FC31C6B}"
	ProjectSection(SolutionItems) = preProject
		index.html = index.html
	EndProjectSection
EndProject
Global
	GlobalSection(SolutionConfigurationPlatforms) = preSolution
		Debug|Any CPU = Debug|Any CPU
		Release|Any CPU = Release|Any CPU
	EndGlobalSection
	GlobalSection(ProjectConfigurationPlatforms) = postSolution
		{C650A3C3-4B3C-43B6-A47A-D716A225C202}.Debug|Any CPU.ActiveCfg = Debug|Any CPU
		{C650A3C3-4B3C-43B6-A47A-D716A225C202}.Debug|Any CPU.Build.0 = Debug|Any CPU
		{C650A3C3-4B3C-43B6-A47A-D716A225C202}.Release|Any CPU.ActiveCfg = Release|Any CPU
		{C650A3C3-4B3C-43B6-A47A-D716A225C202}.Release|Any CPU.Build.0 = Release|Any CPU
	EndGlobalSection
	GlobalSection(SolutionProperties) = preSolution
		HideSolutionNode = FALSE
	EndGlobalSection
	GlobalSection(ExtensibilityGlobals) = postSolution
		SolutionGuid = {AEFA277F-01A4-4844-AF1A-38C59D73B42F}
	EndGlobalSection
EndGlobal
